// !$*UTF8*$!
{
	archiveVersion = 1;
	classes = {
	};
	objectVersion = 51;
	objects = {

/* Begin PBXBuildFile section */
		0C8E47A34F2B38E354F91888 /* Pods_instatwitterTests.framework in Frameworks */ = {isa = PBXBuildFile; fileRef = 159CB0640B7A26A46D320C47 /* Pods_instatwitterTests.framework */; };
		257D2D6622D6917300694AC0 /* ProfileViewController.m in Sources */ = {isa = PBXBuildFile; fileRef = 257D2D6522D6917300694AC0 /* ProfileViewController.m */; };
		25EA4F7222D3FB830018A522 /* AppDelegate.m in Sources */ = {isa = PBXBuildFile; fileRef = 25EA4F7122D3FB830018A522 /* AppDelegate.m */; };
		25EA4F7822D3FB830018A522 /* Main.storyboard in Resources */ = {isa = PBXBuildFile; fileRef = 25EA4F7622D3FB830018A522 /* Main.storyboard */; };
		25EA4F7D22D3FB840018A522 /* LaunchScreen.storyboard in Resources */ = {isa = PBXBuildFile; fileRef = 25EA4F7B22D3FB840018A522 /* LaunchScreen.storyboard */; };
		25EA4F8022D3FB840018A522 /* main.m in Sources */ = {isa = PBXBuildFile; fileRef = 25EA4F7F22D3FB840018A522 /* main.m */; };
		25EA4F8A22D3FB840018A522 /* instatwitterTests.m in Sources */ = {isa = PBXBuildFile; fileRef = 25EA4F8922D3FB840018A522 /* instatwitterTests.m */; };
		25EA4F9522D3FB840018A522 /* instatwitterUITests.m in Sources */ = {isa = PBXBuildFile; fileRef = 25EA4F9422D3FB840018A522 /* instatwitterUITests.m */; };
		25EA4FA322D40B1C0018A522 /* Assets.xcassets in Resources */ = {isa = PBXBuildFile; fileRef = 25EA4FA222D40B1C0018A522 /* Assets.xcassets */; };
		25EA4FA622D412AD0018A522 /* LoginViewController.m in Sources */ = {isa = PBXBuildFile; fileRef = 25EA4FA522D412AD0018A522 /* LoginViewController.m */; };
		25EA4FA922D412D80018A522 /* HomeFeedViewController.m in Sources */ = {isa = PBXBuildFile; fileRef = 25EA4FA822D412D80018A522 /* HomeFeedViewController.m */; };
		25EA4FAC22D412E80018A522 /* ComposeViewController.m in Sources */ = {isa = PBXBuildFile; fileRef = 25EA4FAB22D412E80018A522 /* ComposeViewController.m */; };
		25EA4FAF22D418500018A522 /* SignUpViewController.m in Sources */ = {isa = PBXBuildFile; fileRef = 25EA4FAE22D418500018A522 /* SignUpViewController.m */; };
		25EA4FB222D534C30018A522 /* Post.m in Sources */ = {isa = PBXBuildFile; fileRef = 25EA4FB122D534C30018A522 /* Post.m */; };
		25EA4FB522D56C330018A522 /* InataPostTableViewCell.m in Sources */ = {isa = PBXBuildFile; fileRef = 25EA4FB422D56C330018A522 /* InataPostTableViewCell.m */; };
		25EA4FB822D634FE0018A522 /* DeatailsViewController.m in Sources */ = {isa = PBXBuildFile; fileRef = 25EA4FB722D634FE0018A522 /* DeatailsViewController.m */; };
		DBD986E27AFF9261AF88B9B2 /* Pods_instatwitter.framework in Frameworks */ = {isa = PBXBuildFile; fileRef = E240ABF800E30F8F40FD6EC6 /* Pods_instatwitter.framework */; };
		FBFCE6C8CDD9F7A90AE78850 /* Pods_instatwitterUITests.framework in Frameworks */ = {isa = PBXBuildFile; fileRef = 294AA2A8299A92EBFA53CF48 /* Pods_instatwitterUITests.framework */; };
/* End PBXBuildFile section */

/* Begin PBXContainerItemProxy section */
		25EA4F8622D3FB840018A522 /* PBXContainerItemProxy */ = {
			isa = PBXContainerItemProxy;
			containerPortal = 25EA4F6522D3FB830018A522 /* Project object */;
			proxyType = 1;
			remoteGlobalIDString = 25EA4F6C22D3FB830018A522;
			remoteInfo = instatwitter;
		};
		25EA4F9122D3FB840018A522 /* PBXContainerItemProxy */ = {
			isa = PBXContainerItemProxy;
			containerPortal = 25EA4F6522D3FB830018A522 /* Project object */;
			proxyType = 1;
			remoteGlobalIDString = 25EA4F6C22D3FB830018A522;
			remoteInfo = instatwitter;
		};
/* End PBXContainerItemProxy section */

/* Begin PBXFileReference section */
		041CD2B0F45C7C32FA3B6E9B /* Pods-instatwitterTests.debug.xcconfig */ = {isa = PBXFileReference; includeInIndex = 1; lastKnownFileType = text.xcconfig; name = "Pods-instatwitterTests.debug.xcconfig"; path = "Target Support Files/Pods-instatwitterTests/Pods-instatwitterTests.debug.xcconfig"; sourceTree = "<group>"; };
		14F3EC46C3C30615A998330D /* Pods-instatwitter.debug.xcconfig */ = {isa = PBXFileReference; includeInIndex = 1; lastKnownFileType = text.xcconfig; name = "Pods-instatwitter.debug.xcconfig"; path = "Target Support Files/Pods-instatwitter/Pods-instatwitter.debug.xcconfig"; sourceTree = "<group>"; };
		159CB0640B7A26A46D320C47 /* Pods_instatwitterTests.framework */ = {isa = PBXFileReference; explicitFileType = wrapper.framework; includeInIndex = 0; path = Pods_instatwitterTests.framework; sourceTree = BUILT_PRODUCTS_DIR; };
		257D2D6422D6917300694AC0 /* ProfileViewController.h */ = {isa = PBXFileReference; lastKnownFileType = sourcecode.c.h; path = ProfileViewController.h; sourceTree = "<group>"; };
		257D2D6522D6917300694AC0 /* ProfileViewController.m */ = {isa = PBXFileReference; lastKnownFileType = sourcecode.c.objc; path = ProfileViewController.m; sourceTree = "<group>"; };
		25EA4F6D22D3FB830018A522 /* instatwitter.app */ = {isa = PBXFileReference; explicitFileType = wrapper.application; includeInIndex = 0; path = instatwitter.app; sourceTree = BUILT_PRODUCTS_DIR; };
		25EA4F7022D3FB830018A522 /* AppDelegate.h */ = {isa = PBXFileReference; lastKnownFileType = sourcecode.c.h; path = AppDelegate.h; sourceTree = "<group>"; };
		25EA4F7122D3FB830018A522 /* AppDelegate.m */ = {isa = PBXFileReference; lastKnownFileType = sourcecode.c.objc; path = AppDelegate.m; sourceTree = "<group>"; };
		25EA4F7722D3FB830018A522 /* Base */ = {isa = PBXFileReference; lastKnownFileType = file.storyboard; name = Base; path = Base.lproj/Main.storyboard; sourceTree = "<group>"; };
		25EA4F7C22D3FB840018A522 /* Base */ = {isa = PBXFileReference; lastKnownFileType = file.storyboard; name = Base; path = Base.lproj/LaunchScreen.storyboard; sourceTree = "<group>"; };
		25EA4F7E22D3FB840018A522 /* Info.plist */ = {isa = PBXFileReference; lastKnownFileType = text.plist.xml; path = Info.plist; sourceTree = "<group>"; };
		25EA4F7F22D3FB840018A522 /* main.m */ = {isa = PBXFileReference; lastKnownFileType = sourcecode.c.objc; path = main.m; sourceTree = "<group>"; };
		25EA4F8522D3FB840018A522 /* instatwitterTests.xctest */ = {isa = PBXFileReference; explicitFileType = wrapper.cfbundle; includeInIndex = 0; path = instatwitterTests.xctest; sourceTree = BUILT_PRODUCTS_DIR; };
		25EA4F8922D3FB840018A522 /* instatwitterTests.m */ = {isa = PBXFileReference; lastKnownFileType = sourcecode.c.objc; path = instatwitterTests.m; sourceTree = "<group>"; };
		25EA4F8B22D3FB840018A522 /* Info.plist */ = {isa = PBXFileReference; lastKnownFileType = text.plist.xml; path = Info.plist; sourceTree = "<group>"; };
		25EA4F9022D3FB840018A522 /* instatwitterUITests.xctest */ = {isa = PBXFileReference; explicitFileType = wrapper.cfbundle; includeInIndex = 0; path = instatwitterUITests.xctest; sourceTree = BUILT_PRODUCTS_DIR; };
		25EA4F9422D3FB840018A522 /* instatwitterUITests.m */ = {isa = PBXFileReference; lastKnownFileType = sourcecode.c.objc; path = instatwitterUITests.m; sourceTree = "<group>"; };
		25EA4F9622D3FB840018A522 /* Info.plist */ = {isa = PBXFileReference; lastKnownFileType = text.plist.xml; path = Info.plist; sourceTree = "<group>"; };
		25EA4FA222D40B1C0018A522 /* Assets.xcassets */ = {isa = PBXFileReference; lastKnownFileType = folder.assetcatalog; name = Assets.xcassets; path = ../../../../../.Trash/Assets.xcassets; sourceTree = "<group>"; };
		25EA4FA422D412AD0018A522 /* LoginViewController.h */ = {isa = PBXFileReference; lastKnownFileType = sourcecode.c.h; path = LoginViewController.h; sourceTree = "<group>"; };
		25EA4FA522D412AD0018A522 /* LoginViewController.m */ = {isa = PBXFileReference; lastKnownFileType = sourcecode.c.objc; path = LoginViewController.m; sourceTree = "<group>"; };
		25EA4FA722D412D80018A522 /* HomeFeedViewController.h */ = {isa = PBXFileReference; lastKnownFileType = sourcecode.c.h; path = HomeFeedViewController.h; sourceTree = "<group>"; };
		25EA4FA822D412D80018A522 /* HomeFeedViewController.m */ = {isa = PBXFileReference; lastKnownFileType = sourcecode.c.objc; path = HomeFeedViewController.m; sourceTree = "<group>"; };
		25EA4FAA22D412E80018A522 /* ComposeViewController.h */ = {isa = PBXFileReference; lastKnownFileType = sourcecode.c.h; path = ComposeViewController.h; sourceTree = "<group>"; };
		25EA4FAB22D412E80018A522 /* ComposeViewController.m */ = {isa = PBXFileReference; lastKnownFileType = sourcecode.c.objc; path = ComposeViewController.m; sourceTree = "<group>"; };
		25EA4FAD22D418500018A522 /* SignUpViewController.h */ = {isa = PBXFileReference; lastKnownFileType = sourcecode.c.h; path = SignUpViewController.h; sourceTree = "<group>"; };
		25EA4FAE22D418500018A522 /* SignUpViewController.m */ = {isa = PBXFileReference; lastKnownFileType = sourcecode.c.objc; path = SignUpViewController.m; sourceTree = "<group>"; };
		25EA4FB022D534C30018A522 /* Post.h */ = {isa = PBXFileReference; lastKnownFileType = sourcecode.c.h; path = Post.h; sourceTree = "<group>"; };
		25EA4FB122D534C30018A522 /* Post.m */ = {isa = PBXFileReference; lastKnownFileType = sourcecode.c.objc; path = Post.m; sourceTree = "<group>"; };
		25EA4FB322D56C330018A522 /* InataPostTableViewCell.h */ = {isa = PBXFileReference; lastKnownFileType = sourcecode.c.h; path = InataPostTableViewCell.h; sourceTree = "<group>"; };
		25EA4FB422D56C330018A522 /* InataPostTableViewCell.m */ = {isa = PBXFileReference; lastKnownFileType = sourcecode.c.objc; path = InataPostTableViewCell.m; sourceTree = "<group>"; };
		25EA4FB622D634FE0018A522 /* DeatailsViewController.h */ = {isa = PBXFileReference; lastKnownFileType = sourcecode.c.h; path = DeatailsViewController.h; sourceTree = "<group>"; };
		25EA4FB722D634FE0018A522 /* DeatailsViewController.m */ = {isa = PBXFileReference; lastKnownFileType = sourcecode.c.objc; path = DeatailsViewController.m; sourceTree = "<group>"; };
		294AA2A8299A92EBFA53CF48 /* Pods_instatwitterUITests.framework */ = {isa = PBXFileReference; explicitFileType = wrapper.framework; includeInIndex = 0; path = Pods_instatwitterUITests.framework; sourceTree = BUILT_PRODUCTS_DIR; };
		51B0B6C7522A6EE5CFDB81B1 /* Pods-instatwitterUITests.debug.xcconfig */ = {isa = PBXFileReference; includeInIndex = 1; lastKnownFileType = text.xcconfig; name = "Pods-instatwitterUITests.debug.xcconfig"; path = "Target Support Files/Pods-instatwitterUITests/Pods-instatwitterUITests.debug.xcconfig"; sourceTree = "<group>"; };
		59ECDADE99118E0511515CAF /* Pods-instatwitterTests.release.xcconfig */ = {isa = PBXFileReference; includeInIndex = 1; lastKnownFileType = text.xcconfig; name = "Pods-instatwitterTests.release.xcconfig"; path = "Target Support Files/Pods-instatwitterTests/Pods-instatwitterTests.release.xcconfig"; sourceTree = "<group>"; };
		AB79B10CDDABF1BFD5325163 /* Pods-instatwitter.release.xcconfig */ = {isa = PBXFileReference; includeInIndex = 1; lastKnownFileType = text.xcconfig; name = "Pods-instatwitter.release.xcconfig"; path = "Target Support Files/Pods-instatwitter/Pods-instatwitter.release.xcconfig"; sourceTree = "<group>"; };
		B19471356B7828D51DFDEBA6 /* Pods-instatwitterUITests.release.xcconfig */ = {isa = PBXFileReference; includeInIndex = 1; lastKnownFileType = text.xcconfig; name = "Pods-instatwitterUITests.release.xcconfig"; path = "Target Support Files/Pods-instatwitterUITests/Pods-instatwitterUITests.release.xcconfig"; sourceTree = "<group>"; };
		E240ABF800E30F8F40FD6EC6 /* Pods_instatwitter.framework */ = {isa = PBXFileReference; explicitFileType = wrapper.framework; includeInIndex = 0; path = Pods_instatwitter.framework; sourceTree = BUILT_PRODUCTS_DIR; };
/* End PBXFileReference section */

/* Begin PBXFrameworksBuildPhase section */
		25EA4F6A22D3FB830018A522 /* Frameworks */ = {
			isa = PBXFrameworksBuildPhase;
			buildActionMask = 2147483647;
			files = (
				DBD986E27AFF9261AF88B9B2 /* Pods_instatwitter.framework in Frameworks */,
			);
			runOnlyForDeploymentPostprocessing = 0;
		};
		25EA4F8222D3FB840018A522 /* Frameworks */ = {
			isa = PBXFrameworksBuildPhase;
			buildActionMask = 2147483647;
			files = (
				0C8E47A34F2B38E354F91888 /* Pods_instatwitterTests.framework in Frameworks */,
			);
			runOnlyForDeploymentPostprocessing = 0;
		};
		25EA4F8D22D3FB840018A522 /* Frameworks */ = {
			isa = PBXFrameworksBuildPhase;
			buildActionMask = 2147483647;
			files = (
				FBFCE6C8CDD9F7A90AE78850 /* Pods_instatwitterUITests.framework in Frameworks */,
			);
			runOnlyForDeploymentPostprocessing = 0;
		};
/* End PBXFrameworksBuildPhase section */

/* Begin PBXGroup section */
		2598E7901BDE7510011AF57E /* Pods */ = {
			isa = PBXGroup;
			children = (
				14F3EC46C3C30615A998330D /* Pods-instatwitter.debug.xcconfig */,
				AB79B10CDDABF1BFD5325163 /* Pods-instatwitter.release.xcconfig */,
				041CD2B0F45C7C32FA3B6E9B /* Pods-instatwitterTests.debug.xcconfig */,
				59ECDADE99118E0511515CAF /* Pods-instatwitterTests.release.xcconfig */,
				51B0B6C7522A6EE5CFDB81B1 /* Pods-instatwitterUITests.debug.xcconfig */,
				B19471356B7828D51DFDEBA6 /* Pods-instatwitterUITests.release.xcconfig */,
			);
			path = Pods;
			sourceTree = "<group>";
		};
		25EA4F6422D3FB830018A522 = {
			isa = PBXGroup;
			children = (
				25EA4F6F22D3FB830018A522 /* instatwitter */,
				25EA4F8822D3FB840018A522 /* instatwitterTests */,
				25EA4F9322D3FB840018A522 /* instatwitterUITests */,
				25EA4F6E22D3FB830018A522 /* Products */,
				2598E7901BDE7510011AF57E /* Pods */,
				CB780CB60EE82BFCB61A6EBB /* Frameworks */,
			);
			sourceTree = "<group>";
		};
		25EA4F6E22D3FB830018A522 /* Products */ = {
			isa = PBXGroup;
			children = (
				25EA4F6D22D3FB830018A522 /* instatwitter.app */,
				25EA4F8522D3FB840018A522 /* instatwitterTests.xctest */,
				25EA4F9022D3FB840018A522 /* instatwitterUITests.xctest */,
			);
			name = Products;
			sourceTree = "<group>";
		};
		25EA4F6F22D3FB830018A522 /* instatwitter */ = {
			isa = PBXGroup;
			children = (
				25EA4F7022D3FB830018A522 /* AppDelegate.h */,
				25EA4F7122D3FB830018A522 /* AppDelegate.m */,
				25EA4FA422D412AD0018A522 /* LoginViewController.h */,
				25EA4FA522D412AD0018A522 /* LoginViewController.m */,
				25EA4FA722D412D80018A522 /* HomeFeedViewController.h */,
				25EA4FA822D412D80018A522 /* HomeFeedViewController.m */,
				25EA4FAA22D412E80018A522 /* ComposeViewController.h */,
				25EA4FAB22D412E80018A522 /* ComposeViewController.m */,
				25EA4FB022D534C30018A522 /* Post.h */,
				25EA4FB122D534C30018A522 /* Post.m */,
				25EA4F7622D3FB830018A522 /* Main.storyboard */,
				25EA4FB622D634FE0018A522 /* DeatailsViewController.h */,
				25EA4FB722D634FE0018A522 /* DeatailsViewController.m */,
				257D2D6422D6917300694AC0 /* ProfileViewController.h */,
				257D2D6522D6917300694AC0 /* ProfileViewController.m */,
				25EA4FAD22D418500018A522 /* SignUpViewController.h */,
				25EA4FAE22D418500018A522 /* SignUpViewController.m */,
				25EA4FA222D40B1C0018A522 /* Assets.xcassets */,
				25EA4FB322D56C330018A522 /* InataPostTableViewCell.h */,
				25EA4FB422D56C330018A522 /* InataPostTableViewCell.m */,
				25EA4F7B22D3FB840018A522 /* LaunchScreen.storyboard */,
				25EA4F7E22D3FB840018A522 /* Info.plist */,
				25EA4F7F22D3FB840018A522 /* main.m */,
			);
			path = instatwitter;
			sourceTree = "<group>";
		};
		25EA4F8822D3FB840018A522 /* instatwitterTests */ = {
			isa = PBXGroup;
			children = (
				25EA4F8922D3FB840018A522 /* instatwitterTests.m */,
				25EA4F8B22D3FB840018A522 /* Info.plist */,
			);
			path = instatwitterTests;
			sourceTree = "<group>";
		};
		25EA4F9322D3FB840018A522 /* instatwitterUITests */ = {
			isa = PBXGroup;
			children = (
				25EA4F9422D3FB840018A522 /* instatwitterUITests.m */,
				25EA4F9622D3FB840018A522 /* Info.plist */,
			);
			path = instatwitterUITests;
			sourceTree = "<group>";
		};
		CB780CB60EE82BFCB61A6EBB /* Frameworks */ = {
			isa = PBXGroup;
			children = (
				E240ABF800E30F8F40FD6EC6 /* Pods_instatwitter.framework */,
				159CB0640B7A26A46D320C47 /* Pods_instatwitterTests.framework */,
				294AA2A8299A92EBFA53CF48 /* Pods_instatwitterUITests.framework */,
			);
			name = Frameworks;
			sourceTree = "<group>";
		};
/* End PBXGroup section */

/* Begin PBXNativeTarget section */
		25EA4F6C22D3FB830018A522 /* instatwitter */ = {
			isa = PBXNativeTarget;
			buildConfigurationList = 25EA4F9922D3FB840018A522 /* Build configuration list for PBXNativeTarget "instatwitter" */;
			buildPhases = (
				90823B4995E0193E70A3DC41 /* [CP] Check Pods Manifest.lock */,
				25EA4F6922D3FB830018A522 /* Sources */,
				25EA4F6A22D3FB830018A522 /* Frameworks */,
				25EA4F6B22D3FB830018A522 /* Resources */,
				FFA42D0C120A75832D5D9A6C /* [CP] Embed Pods Frameworks */,
			);
			buildRules = (
			);
			dependencies = (
			);
			name = instatwitter;
			productName = instatwitter;
			productReference = 25EA4F6D22D3FB830018A522 /* instatwitter.app */;
			productType = "com.apple.product-type.application";
		};
		25EA4F8422D3FB840018A522 /* instatwitterTests */ = {
			isa = PBXNativeTarget;
			buildConfigurationList = 25EA4F9C22D3FB840018A522 /* Build configuration list for PBXNativeTarget "instatwitterTests" */;
			buildPhases = (
				D75184043772EB63FAA585B0 /* [CP] Check Pods Manifest.lock */,
				25EA4F8122D3FB840018A522 /* Sources */,
				25EA4F8222D3FB840018A522 /* Frameworks */,
				25EA4F8322D3FB840018A522 /* Resources */,
			);
			buildRules = (
			);
			dependencies = (
				25EA4F8722D3FB840018A522 /* PBXTargetDependency */,
			);
			name = instatwitterTests;
			productName = instatwitterTests;
			productReference = 25EA4F8522D3FB840018A522 /* instatwitterTests.xctest */;
			productType = "com.apple.product-type.bundle.unit-test";
		};
		25EA4F8F22D3FB840018A522 /* instatwitterUITests */ = {
			isa = PBXNativeTarget;
			buildConfigurationList = 25EA4F9F22D3FB840018A522 /* Build configuration list for PBXNativeTarget "instatwitterUITests" */;
			buildPhases = (
				F07CCEC7BD362196A18970BA /* [CP] Check Pods Manifest.lock */,
				25EA4F8C22D3FB840018A522 /* Sources */,
				25EA4F8D22D3FB840018A522 /* Frameworks */,
				25EA4F8E22D3FB840018A522 /* Resources */,
			);
			buildRules = (
			);
			dependencies = (
				25EA4F9222D3FB840018A522 /* PBXTargetDependency */,
			);
			name = instatwitterUITests;
			productName = instatwitterUITests;
			productReference = 25EA4F9022D3FB840018A522 /* instatwitterUITests.xctest */;
			productType = "com.apple.product-type.bundle.ui-testing";
		};
/* End PBXNativeTarget section */

/* Begin PBXProject section */
		25EA4F6522D3FB830018A522 /* Project object */ = {
			isa = PBXProject;
			attributes = {
				LastUpgradeCheck = 1020;
				ORGANIZATIONNAME = frankboamps;
				TargetAttributes = {
					25EA4F6C22D3FB830018A522 = {
						CreatedOnToolsVersion = 10.2.1;
					};
					25EA4F8422D3FB840018A522 = {
						CreatedOnToolsVersion = 10.2.1;
						TestTargetID = 25EA4F6C22D3FB830018A522;
					};
					25EA4F8F22D3FB840018A522 = {
						CreatedOnToolsVersion = 10.2.1;
						TestTargetID = 25EA4F6C22D3FB830018A522;
					};
				};
			};
			buildConfigurationList = 25EA4F6822D3FB830018A522 /* Build configuration list for PBXProject "instatwitter" */;
			compatibilityVersion = "Xcode 9.3";
			developmentRegion = en;
			hasScannedForEncodings = 0;
			knownRegions = (
				en,
				Base,
			);
			mainGroup = 25EA4F6422D3FB830018A522;
			productRefGroup = 25EA4F6E22D3FB830018A522 /* Products */;
			projectDirPath = "";
			projectRoot = "";
			targets = (
				25EA4F6C22D3FB830018A522 /* instatwitter */,
				25EA4F8422D3FB840018A522 /* instatwitterTests */,
				25EA4F8F22D3FB840018A522 /* instatwitterUITests */,
			);
		};
/* End PBXProject section */

/* Begin PBXResourcesBuildPhase section */
		25EA4F6B22D3FB830018A522 /* Resources */ = {
			isa = PBXResourcesBuildPhase;
			buildActionMask = 2147483647;
			files = (
				25EA4F7D22D3FB840018A522 /* LaunchScreen.storyboard in Resources */,
				25EA4FA322D40B1C0018A522 /* Assets.xcassets in Resources */,
				25EA4F7822D3FB830018A522 /* Main.storyboard in Resources */,
			);
			runOnlyForDeploymentPostprocessing = 0;
		};
		25EA4F8322D3FB840018A522 /* Resources */ = {
			isa = PBXResourcesBuildPhase;
			buildActionMask = 2147483647;
			files = (
			);
			runOnlyForDeploymentPostprocessing = 0;
		};
		25EA4F8E22D3FB840018A522 /* Resources */ = {
			isa = PBXResourcesBuildPhase;
			buildActionMask = 2147483647;
			files = (
			);
			runOnlyForDeploymentPostprocessing = 0;
		};
/* End PBXResourcesBuildPhase section */

/* Begin PBXShellScriptBuildPhase section */
		90823B4995E0193E70A3DC41 /* [CP] Check Pods Manifest.lock */ = {
			isa = PBXShellScriptBuildPhase;
			buildActionMask = 2147483647;
			files = (
			);
			inputFileListPaths = (
			);
			inputPaths = (
				"${PODS_PODFILE_DIR_PATH}/Podfile.lock",
				"${PODS_ROOT}/Manifest.lock",
			);
			name = "[CP] Check Pods Manifest.lock";
			outputFileListPaths = (
			);
			outputPaths = (
				"$(DERIVED_FILE_DIR)/Pods-instatwitter-checkManifestLockResult.txt",
			);
			runOnlyForDeploymentPostprocessing = 0;
			shellPath = /bin/sh;
			shellScript = "diff \"${PODS_PODFILE_DIR_PATH}/Podfile.lock\" \"${PODS_ROOT}/Manifest.lock\" > /dev/null\nif [ $? != 0 ] ; then\n    # print error to STDERR\n    echo \"error: The sandbox is not in sync with the Podfile.lock. Run 'pod install' or update your CocoaPods installation.\" >&2\n    exit 1\nfi\n# This output is used by Xcode 'outputs' to avoid re-running this script phase.\necho \"SUCCESS\" > \"${SCRIPT_OUTPUT_FILE_0}\"\n";
			showEnvVarsInLog = 0;
		};
		D75184043772EB63FAA585B0 /* [CP] Check Pods Manifest.lock */ = {
			isa = PBXShellScriptBuildPhase;
			buildActionMask = 2147483647;
			files = (
			);
			inputFileListPaths = (
			);
			inputPaths = (
				"${PODS_PODFILE_DIR_PATH}/Podfile.lock",
				"${PODS_ROOT}/Manifest.lock",
			);
			name = "[CP] Check Pods Manifest.lock";
			outputFileListPaths = (
			);
			outputPaths = (
				"$(DERIVED_FILE_DIR)/Pods-instatwitterTests-checkManifestLockResult.txt",
			);
			runOnlyForDeploymentPostprocessing = 0;
			shellPath = /bin/sh;
			shellScript = "diff \"${PODS_PODFILE_DIR_PATH}/Podfile.lock\" \"${PODS_ROOT}/Manifest.lock\" > /dev/null\nif [ $? != 0 ] ; then\n    # print error to STDERR\n    echo \"error: The sandbox is not in sync with the Podfile.lock. Run 'pod install' or update your CocoaPods installation.\" >&2\n    exit 1\nfi\n# This output is used by Xcode 'outputs' to avoid re-running this script phase.\necho \"SUCCESS\" > \"${SCRIPT_OUTPUT_FILE_0}\"\n";
			showEnvVarsInLog = 0;
		};
		F07CCEC7BD362196A18970BA /* [CP] Check Pods Manifest.lock */ = {
			isa = PBXShellScriptBuildPhase;
			buildActionMask = 2147483647;
			files = (
			);
			inputFileListPaths = (
			);
			inputPaths = (
				"${PODS_PODFILE_DIR_PATH}/Podfile.lock",
				"${PODS_ROOT}/Manifest.lock",
			);
			name = "[CP] Check Pods Manifest.lock";
			outputFileListPaths = (
			);
			outputPaths = (
				"$(DERIVED_FILE_DIR)/Pods-instatwitterUITests-checkManifestLockResult.txt",
			);
			runOnlyForDeploymentPostprocessing = 0;
			shellPath = /bin/sh;
			shellScript = "diff \"${PODS_PODFILE_DIR_PATH}/Podfile.lock\" \"${PODS_ROOT}/Manifest.lock\" > /dev/null\nif [ $? != 0 ] ; then\n    # print error to STDERR\n    echo \"error: The sandbox is not in sync with the Podfile.lock. Run 'pod install' or update your CocoaPods installation.\" >&2\n    exit 1\nfi\n# This output is used by Xcode 'outputs' to avoid re-running this script phase.\necho \"SUCCESS\" > \"${SCRIPT_OUTPUT_FILE_0}\"\n";
			showEnvVarsInLog = 0;
		};
		FFA42D0C120A75832D5D9A6C /* [CP] Embed Pods Frameworks */ = {
			isa = PBXShellScriptBuildPhase;
			buildActionMask = 2147483647;
			files = (
			);
			inputFileListPaths = (
				"${PODS_ROOT}/Target Support Files/Pods-instatwitter/Pods-instatwitter-frameworks-${CONFIGURATION}-input-files.xcfilelist",
			);
			name = "[CP] Embed Pods Frameworks";
			outputFileListPaths = (
				"${PODS_ROOT}/Target Support Files/Pods-instatwitter/Pods-instatwitter-frameworks-${CONFIGURATION}-output-files.xcfilelist",
			);
			runOnlyForDeploymentPostprocessing = 0;
			shellPath = /bin/sh;
			shellScript = "\"${PODS_ROOT}/Target Support Files/Pods-instatwitter/Pods-instatwitter-frameworks.sh\"\n";
			showEnvVarsInLog = 0;
		};
/* End PBXShellScriptBuildPhase section */

/* Begin PBXSourcesBuildPhase section */
		25EA4F6922D3FB830018A522 /* Sources */ = {
			isa = PBXSourcesBuildPhase;
			buildActionMask = 2147483647;
			files = (
				25EA4FA922D412D80018A522 /* HomeFeedViewController.m in Sources */,
				25EA4FB522D56C330018A522 /* InataPostTableViewCell.m in Sources */,
				25EA4FA622D412AD0018A522 /* LoginViewController.m in Sources */,
				25EA4FAC22D412E80018A522 /* ComposeViewController.m in Sources */,
				257D2D6622D6917300694AC0 /* ProfileViewController.m in Sources */,
				25EA4F8022D3FB840018A522 /* main.m in Sources */,
				25EA4FAF22D418500018A522 /* SignUpViewController.m in Sources */,
				25EA4F7222D3FB830018A522 /* AppDelegate.m in Sources */,
				25EA4FB222D534C30018A522 /* Post.m in Sources */,
				25EA4FB822D634FE0018A522 /* DeatailsViewController.m in Sources */,
			);
			runOnlyForDeploymentPostprocessing = 0;
		};
		25EA4F8122D3FB840018A522 /* Sources */ = {
			isa = PBXSourcesBuildPhase;
			buildActionMask = 2147483647;
			files = (
				25EA4F8A22D3FB840018A522 /* instatwitterTests.m in Sources */,
			);
			runOnlyForDeploymentPostprocessing = 0;
		};
		25EA4F8C22D3FB840018A522 /* Sources */ = {
			isa = PBXSourcesBuildPhase;
			buildActionMask = 2147483647;
			files = (
				25EA4F9522D3FB840018A522 /* instatwitterUITests.m in Sources */,
			);
			runOnlyForDeploymentPostprocessing = 0;
		};
/* End PBXSourcesBuildPhase section */

/* Begin PBXTargetDependency section */
		25EA4F8722D3FB840018A522 /* PBXTargetDependency */ = {
			isa = PBXTargetDependency;
			target = 25EA4F6C22D3FB830018A522 /* instatwitter */;
			targetProxy = 25EA4F8622D3FB840018A522 /* PBXContainerItemProxy */;
		};
		25EA4F9222D3FB840018A522 /* PBXTargetDependency */ = {
			isa = PBXTargetDependency;
			target = 25EA4F6C22D3FB830018A522 /* instatwitter */;
			targetProxy = 25EA4F9122D3FB840018A522 /* PBXContainerItemProxy */;
		};
/* End PBXTargetDependency section */

/* Begin PBXVariantGroup section */
		25EA4F7622D3FB830018A522 /* Main.storyboard */ = {
			isa = PBXVariantGroup;
			children = (
				25EA4F7722D3FB830018A522 /* Base */,
			);
			name = Main.storyboard;
			sourceTree = "<group>";
		};
		25EA4F7B22D3FB840018A522 /* LaunchScreen.storyboard */ = {
			isa = PBXVariantGroup;
			children = (
				25EA4F7C22D3FB840018A522 /* Base */,
			);
			name = LaunchScreen.storyboard;
			sourceTree = "<group>";
		};
/* End PBXVariantGroup section */

/* Begin XCBuildConfiguration section */
		25EA4F9722D3FB840018A522 /* Debug */ = {
			isa = XCBuildConfiguration;
			buildSettings = {
				ALWAYS_SEARCH_USER_PATHS = NO;
				CLANG_ANALYZER_NONNULL = YES;
				CLANG_ANALYZER_NUMBER_OBJECT_CONVERSION = YES_AGGRESSIVE;
				CLANG_CXX_LANGUAGE_STANDARD = "gnu++14";
				CLANG_CXX_LIBRARY = "libc++";
				CLANG_ENABLE_MODULES = YES;
				CLANG_ENABLE_OBJC_ARC = YES;
				CLANG_ENABLE_OBJC_WEAK = YES;
				CLANG_WARN_BLOCK_CAPTURE_AUTORELEASING = YES;
				CLANG_WARN_BOOL_CONVERSION = YES;
				CLANG_WARN_COMMA = YES;
				CLANG_WARN_CONSTANT_CONVERSION = YES;
				CLANG_WARN_DEPRECATED_OBJC_IMPLEMENTATIONS = YES;
				CLANG_WARN_DIRECT_OBJC_ISA_USAGE = YES_ERROR;
				CLANG_WARN_DOCUMENTATION_COMMENTS = YES;
				CLANG_WARN_EMPTY_BODY = YES;
				CLANG_WARN_ENUM_CONVERSION = YES;
				CLANG_WARN_INFINITE_RECURSION = YES;
				CLANG_WARN_INT_CONVERSION = YES;
				CLANG_WARN_NON_LITERAL_NULL_CONVERSION = YES;
				CLANG_WARN_OBJC_IMPLICIT_RETAIN_SELF = YES;
				CLANG_WARN_OBJC_LITERAL_CONVERSION = YES;
				CLANG_WARN_OBJC_ROOT_CLASS = YES_ERROR;
				CLANG_WARN_RANGE_LOOP_ANALYSIS = YES;
				CLANG_WARN_STRICT_PROTOTYPES = YES;
				CLANG_WARN_SUSPICIOUS_MOVE = YES;
				CLANG_WARN_UNGUARDED_AVAILABILITY = YES_AGGRESSIVE;
				CLANG_WARN_UNREACHABLE_CODE = YES;
				CLANG_WARN__DUPLICATE_METHOD_MATCH = YES;
				CODE_SIGN_IDENTITY = "iPhone Developer";
				COPY_PHASE_STRIP = NO;
				DEBUG_INFORMATION_FORMAT = dwarf;
				ENABLE_STRICT_OBJC_MSGSEND = YES;
				ENABLE_TESTABILITY = YES;
				GCC_C_LANGUAGE_STANDARD = gnu11;
				GCC_DYNAMIC_NO_PIC = NO;
				GCC_NO_COMMON_BLOCKS = YES;
				GCC_OPTIMIZATION_LEVEL = 0;
				GCC_PREPROCESSOR_DEFINITIONS = (
					"DEBUG=1",
					"$(inherited)",
				);
				GCC_WARN_64_TO_32_BIT_CONVERSION = YES;
				GCC_WARN_ABOUT_RETURN_TYPE = YES_ERROR;
				GCC_WARN_UNDECLARED_SELECTOR = YES;
				GCC_WARN_UNINITIALIZED_AUTOS = YES_AGGRESSIVE;
				GCC_WARN_UNUSED_FUNCTION = YES;
				GCC_WARN_UNUSED_VARIABLE = YES;
				IPHONEOS_DEPLOYMENT_TARGET = 12.2;
				MTL_ENABLE_DEBUG_INFO = INCLUDE_SOURCE;
				MTL_FAST_MATH = YES;
				ONLY_ACTIVE_ARCH = YES;
				SDKROOT = iphoneos;
			};
			name = Debug;
		};
		25EA4F9822D3FB840018A522 /* Release */ = {
			isa = XCBuildConfiguration;
			buildSettings = {
				ALWAYS_SEARCH_USER_PATHS = NO;
				CLANG_ANALYZER_NONNULL = YES;
				CLANG_ANALYZER_NUMBER_OBJECT_CONVERSION = YES_AGGRESSIVE;
				CLANG_CXX_LANGUAGE_STANDARD = "gnu++14";
				CLANG_CXX_LIBRARY = "libc++";
				CLANG_ENABLE_MODULES = YES;
				CLANG_ENABLE_OBJC_ARC = YES;
				CLANG_ENABLE_OBJC_WEAK = YES;
				CLANG_WARN_BLOCK_CAPTURE_AUTORELEASING = YES;
				CLANG_WARN_BOOL_CONVERSION = YES;
				CLANG_WARN_COMMA = YES;
				CLANG_WARN_CONSTANT_CONVERSION = YES;
				CLANG_WARN_DEPRECATED_OBJC_IMPLEMENTATIONS = YES;
				CLANG_WARN_DIRECT_OBJC_ISA_USAGE = YES_ERROR;
				CLANG_WARN_DOCUMENTATION_COMMENTS = YES;
				CLANG_WARN_EMPTY_BODY = YES;
				CLANG_WARN_ENUM_CONVERSION = YES;
				CLANG_WARN_INFINITE_RECURSION = YES;
				CLANG_WARN_INT_CONVERSION = YES;
				CLANG_WARN_NON_LITERAL_NULL_CONVERSION = YES;
				CLANG_WARN_OBJC_IMPLICIT_RETAIN_SELF = YES;
				CLANG_WARN_OBJC_LITERAL_CONVERSION = YES;
				CLANG_WARN_OBJC_ROOT_CLASS = YES_ERROR;
				CLANG_WARN_RANGE_LOOP_ANALYSIS = YES;
				CLANG_WARN_STRICT_PROTOTYPES = YES;
				CLANG_WARN_SUSPICIOUS_MOVE = YES;
				CLANG_WARN_UNGUARDED_AVAILABILITY = YES_AGGRESSIVE;
				CLANG_WARN_UNREACHABLE_CODE = YES;
				CLANG_WARN__DUPLICATE_METHOD_MATCH = YES;
				CODE_SIGN_IDENTITY = "iPhone Developer";
				COPY_PHASE_STRIP = NO;
				DEBUG_INFORMATION_FORMAT = "dwarf-with-dsym";
				ENABLE_NS_ASSERTIONS = NO;
				ENABLE_STRICT_OBJC_MSGSEND = YES;
				GCC_C_LANGUAGE_STANDARD = gnu11;
				GCC_NO_COMMON_BLOCKS = YES;
				GCC_WARN_64_TO_32_BIT_CONVERSION = YES;
				GCC_WARN_ABOUT_RETURN_TYPE = YES_ERROR;
				GCC_WARN_UNDECLARED_SELECTOR = YES;
				GCC_WARN_UNINITIALIZED_AUTOS = YES_AGGRESSIVE;
				GCC_WARN_UNUSED_FUNCTION = YES;
				GCC_WARN_UNUSED_VARIABLE = YES;
				IPHONEOS_DEPLOYMENT_TARGET = 12.2;
				MTL_ENABLE_DEBUG_INFO = NO;
				MTL_FAST_MATH = YES;
				SDKROOT = iphoneos;
				VALIDATE_PRODUCT = YES;
			};
			name = Release;
		};
		25EA4F9A22D3FB840018A522 /* Debug */ = {
			isa = XCBuildConfiguration;
			baseConfigurationReference = 14F3EC46C3C30615A998330D /* Pods-instatwitter.debug.xcconfig */;
			buildSettings = {
				ASSETCATALOG_COMPILER_APPICON_NAME = AppIcon;
				CODE_SIGN_STYLE = Automatic;
				DEVELOPMENT_TEAM = 8937TFGS4F;
				INFOPLIST_FILE = instatwitter/Info.plist;
				LD_RUNPATH_SEARCH_PATHS = (
					"$(inherited)",
					"@executable_path/Frameworks",
				);
				PRODUCT_BUNDLE_IDENTIFIER = "com.franklin.boampong-icloud.com.instatwitter";
				PRODUCT_NAME = "$(TARGET_NAME)";
				TARGETED_DEVICE_FAMILY = "1,2";
			};
			name = Debug;
		};
		25EA4F9B22D3FB840018A522 /* Release */ = {
			isa = XCBuildConfiguration;
			baseConfigurationReference = AB79B10CDDABF1BFD5325163 /* Pods-instatwitter.release.xcconfig */;
			buildSettings = {
				ASSETCATALOG_COMPILER_APPICON_NAME = AppIcon;
				CODE_SIGN_STYLE = Automatic;
				DEVELOPMENT_TEAM = 8937TFGS4F;
				INFOPLIST_FILE = instatwitter/Info.plist;
				LD_RUNPATH_SEARCH_PATHS = (
					"$(inherited)",
					"@executable_path/Frameworks",
				);
				PRODUCT_BUNDLE_IDENTIFIER = "com.franklin.boampong-icloud.com.instatwitter";
				PRODUCT_NAME = "$(TARGET_NAME)";
				TARGETED_DEVICE_FAMILY = "1,2";
			};
			name = Release;
		};
		25EA4F9D22D3FB840018A522 /* Debug */ = {
			isa = XCBuildConfiguration;
			baseConfigurationReference = 041CD2B0F45C7C32FA3B6E9B /* Pods-instatwitterTests.debug.xcconfig */;
			buildSettings = {
				BUNDLE_LOADER = "$(TEST_HOST)";
				CODE_SIGN_STYLE = Automatic;
				DEVELOPMENT_TEAM = 8937TFGS4F;
				INFOPLIST_FILE = instatwitterTests/Info.plist;
				LD_RUNPATH_SEARCH_PATHS = (
					"$(inherited)",
					"@executable_path/Frameworks",
					"@loader_path/Frameworks",
				);
				PRODUCT_BUNDLE_IDENTIFIER = "com.franklin.boampong-icloud.com.instatwitterTests";
				PRODUCT_NAME = "$(TARGET_NAME)";
				TARGETED_DEVICE_FAMILY = "1,2";
				TEST_HOST = "$(BUILT_PRODUCTS_DIR)/instatwitter.app/instatwitter";
			};
			name = Debug;
		};
		25EA4F9E22D3FB840018A522 /* Release */ = {
			isa = XCBuildConfiguration;
			baseConfigurationReference = 59ECDADE99118E0511515CAF /* Pods-instatwitterTests.release.xcconfig */;
			buildSettings = {
				BUNDLE_LOADER = "$(TEST_HOST)";
				CODE_SIGN_STYLE = Automatic;
				DEVELOPMENT_TEAM = 8937TFGS4F;
				INFOPLIST_FILE = instatwitterTests/Info.plist;
				LD_RUNPATH_SEARCH_PATHS = (
					"$(inherited)",
					"@executable_path/Frameworks",
					"@loader_path/Frameworks",
				);
				PRODUCT_BUNDLE_IDENTIFIER = "com.franklin.boampong-icloud.com.instatwitterTests";
				PRODUCT_NAME = "$(TARGET_NAME)";
				TARGETED_DEVICE_FAMILY = "1,2";
				TEST_HOST = "$(BUILT_PRODUCTS_DIR)/instatwitter.app/instatwitter";
			};
			name = Release;
		};
		25EA4FA022D3FB840018A522 /* Debug */ = {
			isa = XCBuildConfiguration;
			baseConfigurationReference = 51B0B6C7522A6EE5CFDB81B1 /* Pods-instatwitterUITests.debug.xcconfig */;
			buildSettings = {
				CODE_SIGN_STYLE = Automatic;
				DEVELOPMENT_TEAM = 8937TFGS4F;
				INFOPLIST_FILE = instatwitterUITests/Info.plist;
				LD_RUNPATH_SEARCH_PATHS = (
					"$(inherited)",
					"@executable_path/Frameworks",
					"@loader_path/Frameworks",
				);
				PRODUCT_BUNDLE_IDENTIFIER = "com.franklin.boampong-icloud.com.instatwitterUITests";
				PRODUCT_NAME = "$(TARGET_NAME)";
				TARGETED_DEVICE_FAMILY = "1,2";
				TEST_TARGET_NAME = instatwitter;
			};
			name = Debug;
		};
		25EA4FA122D3FB840018A522 /* Release */ = {
			isa = XCBuildConfiguration;
			baseConfigurationReference = B19471356B7828D51DFDEBA6 /* Pods-instatwitterUITests.release.xcconfig */;
			buildSettings = {
				CODE_SIGN_STYLE = Automatic;
				DEVELOPMENT_TEAM = 8937TFGS4F;
				INFOPLIST_FILE = instatwitterUITests/Info.plist;
				LD_RUNPATH_SEARCH_PATHS = (
					"$(inherited)",
					"@executable_path/Frameworks",
					"@loader_path/Frameworks",
				);
				PRODUCT_BUNDLE_IDENTIFIER = "com.franklin.boampong-icloud.com.instatwitterUITests";
				PRODUCT_NAME = "$(TARGET_NAME)";
				TARGETED_DEVICE_FAMILY = "1,2";
				TEST_TARGET_NAME = instatwitter;
			};
			name = Release;
		};
/* End XCBuildConfiguration section */

/* Begin XCConfigurationList section */
		25EA4F6822D3FB830018A522 /* Build configuration list for PBXProject "instatwitter" */ = {
			isa = XCConfigurationList;
			buildConfigurations = (
				25EA4F9722D3FB840018A522 /* Debug */,
				25EA4F9822D3FB840018A522 /* Release */,
			);
			defaultConfigurationIsVisible = 0;
			defaultConfigurationName = Release;
		};
		25EA4F9922D3FB840018A522 /* Build configuration list for PBXNativeTarget "instatwitter" */ = {
			isa = XCConfigurationList;
			buildConfigurations = (
				25EA4F9A22D3FB840018A522 /* Debug */,
				25EA4F9B22D3FB840018A522 /* Release */,
			);
			defaultConfigurationIsVisible = 0;
			defaultConfigurationName = Release;
		};
		25EA4F9C22D3FB840018A522 /* Build configuration list for PBXNativeTarget "instatwitterTests" */ = {
			isa = XCConfigurationList;
			buildConfigurations = (
				25EA4F9D22D3FB840018A522 /* Debug */,
				25EA4F9E22D3FB840018A522 /* Release */,
			);
			defaultConfigurationIsVisible = 0;
			defaultConfigurationName = Release;
		};
		25EA4F9F22D3FB840018A522 /* Build configuration list for PBXNativeTarget "instatwitterUITests" */ = {
			isa = XCConfigurationList;
			buildConfigurations = (
				25EA4FA022D3FB840018A522 /* Debug */,
				25EA4FA122D3FB840018A522 /* Release */,
			);
			defaultConfigurationIsVisible = 0;
			defaultConfigurationName = Release;
		};
/* End XCConfigurationList section */
	};
	rootObject = 25EA4F6522D3FB830018A522 /* Project object */;
}
